{
  "name": "@nxtranet/proxies",
  "version": "1.0.0",
  "lockfileVersion": 2,
  "requires": true,
  "packages": {
    "": {
      "name": "@nxtranet/proxies",
      "version": "1.0.0",
      "license": "ISC",
      "dependencies": {
        "@nxtranet/headers": "file:../../packages/headers",
        "@nxtranet/service": "file:../../packages/service"
      },
      "devDependencies": {
        "@types/node": "^16.11.6",
        "typescript": "^4.4.4"
      }
    },
    "../../packages/headers": {
      "name": "@nxtranet/headers",
      "version": "1.0.0",
      "license": "ISC",
      "devDependencies": {
        "typedoc": "^0.22.9",
        "typedoc-plugin-markdown": "^3.11.6",
        "typescript": "^4.4.4"
      }
    },
    "../../packages/service": {
      "name": "@nxtranet/service",
      "version": "1.0.0",
      "license": "ISC",
      "dependencies": {
        "express": "^4.17.1",
        "socket.io": "^4.3.2",
        "socket.io-client": "^4.3.2"
      },
      "devDependencies": {
        "@types/express": "^4.17.13",
        "@types/jest": "^27.0.2",
        "jest": "^27.3.1",
        "ts-jest": "^27.0.7",
        "typescript": "^4.4.4"
      }
    },
    "node_modules/@nxtranet/headers": {
      "resolved": "../../packages/headers",
      "link": true
    },
    "node_modules/@nxtranet/service": {
      "resolved": "../../packages/service",
      "link": true
    },
    "node_modules/@types/node": {
      "version": "16.11.11",
      "resolved": "https://registry.npmjs.org/@types/node/-/node-16.11.11.tgz",
      "integrity": "sha512-KB0sixD67CeecHC33MYn+eYARkqTheIRNuu97y2XMjR7Wu3XibO1vaY6VBV6O/a89SPI81cEUIYT87UqUWlZNw==",
      "dev": true
    },
    "node_modules/typescript": {
      "version": "4.5.2",
      "resolved": "https://registry.npmjs.org/typescript/-/typescript-4.5.2.tgz",
      "integrity": "sha512-5BlMof9H1yGt0P8/WF+wPNw6GfctgGjXp5hkblpyT+8rkASSmkUKMXrxR0Xg8ThVCi/JnHQiKXeBaEwCeQwMFw==",
      "dev": true,
      "bin": {
        "tsc": "bin/tsc",
        "tsserver": "bin/tsserver"
      },
      "engines": {
        "node": ">=4.2.0"
      }
    }
  },
  "dependencies": {
    "@nxtranet/headers": {
      "version": "file:../../packages/headers",
      "requires": {
        "typedoc": "^0.22.9",
        "typedoc-plugin-markdown": "^3.11.6",
        "typescript": "^4.4.4"
      }
    },
    "@nxtranet/service": {
      "version": "file:../../packages/service",
      "requires": {
        "@types/express": "^4.17.13",
        "@types/jest": "^27.0.2",
        "express": "^4.17.1",
        "jest": "^27.3.1",
        "socket.io": "^4.3.2",
        "socket.io-client": "^4.3.2",
        "ts-jest": "^27.0.7",
        "typescript": "^4.4.4"
      }
    },
    "@types/node": {
      "version": "16.11.11",
      "resolved": "https://registry.npmjs.org/@types/node/-/node-16.11.11.tgz",
      "integrity": "sha512-KB0sixD67CeecHC33MYn+eYARkqTheIRNuu97y2XMjR7Wu3XibO1vaY6VBV6O/a89SPI81cEUIYT87UqUWlZNw==",
      "dev": true
    },
    "typescript": {
      "version": "4.5.2",
      "resolved": "https://registry.npmjs.org/typescript/-/typescript-4.5.2.tgz",
      "integrity": "sha512-5BlMof9H1yGt0P8/WF+wPNw6GfctgGjXp5hkblpyT+8rkASSmkUKMXrxR0Xg8ThVCi/JnHQiKXeBaEwCeQwMFw==",
      "dev": true
    }
  }
}
